
Microsoft Visual Studio Solution File, Format Version 12.00
# Visual Studio Version 17
VisualStudioVersion = 17.13.35931.197 d17.13
MinimumVisualStudioVersion = 10.0.40219.1
Project("{2150E333-8FDC-42A3-9474-1A3956D46DE8}") = "src", "src", "{498CC4E5-3C52-4832-95B5-5FD1975020E6}"
EndProject
Project("{2150E333-8FDC-42A3-9474-1A3956D46DE8}") = "test", "test", "{E6AC6130-133B-4F32-9A98-FECCBBB24312}"
EndProject
Project("{FAE04EC0-301F-11D3-BF4B-00C04F79EFBC}") = "SimpleWait.Core", "src\SimpleWait.Core\SimpleWait.Core.csproj", "{6AFCCADE-BD8C-4237-946F-918D07E13F73}"
EndProject
Project("{FAE04EC0-301F-11D3-BF4B-00C04F79EFBC}") = "SimpleWait.CoreTest", "test\SimpleWait.CoreTest\SimpleWait.CoreTest.csproj", "{0340BDE3-48DC-408B-BDE9-A97194686EFA}"
EndProject
Global
	GlobalSection(SolutionConfigurationPlatforms) = preSolution
		Debug|Any CPU = Debug|Any CPU
		Release|Any CPU = Release|Any CPU
	EndGlobalSection
	GlobalSection(ProjectConfigurationPlatforms) = postSolution
		{6AFCCADE-BD8C-4237-946F-918D07E13F73}.Debug|Any CPU.ActiveCfg = Debug|Any CPU
		{6AFCCADE-BD8C-4237-946F-918D07E13F73}.Debug|Any CPU.Build.0 = Debug|Any CPU
		{6AFCCADE-BD8C-4237-946F-918D07E13F73}.Release|Any CPU.ActiveCfg = Release|Any CPU
		{6AFCCADE-BD8C-4237-946F-918D07E13F73}.Release|Any CPU.Build.0 = Release|Any CPU
		{0340BDE3-48DC-408B-BDE9-A97194686EFA}.Debug|Any CPU.ActiveCfg = Debug|Any CPU
		{0340BDE3-48DC-408B-BDE9-A97194686EFA}.Debug|Any CPU.Build.0 = Debug|Any CPU
		{0340BDE3-48DC-408B-BDE9-A97194686EFA}.Release|Any CPU.ActiveCfg = Release|Any CPU
		{0340BDE3-48DC-408B-BDE9-A97194686EFA}.Release|Any CPU.Build.0 = Release|Any CPU
	EndGlobalSection
	GlobalSection(SolutionProperties) = preSolution
		HideSolutionNode = FALSE
	EndGlobalSection
	GlobalSection(NestedProjects) = preSolution
		{6AFCCADE-BD8C-4237-946F-918D07E13F73} = {498CC4E5-3C52-4832-95B5-5FD1975020E6}
		{0340BDE3-48DC-408B-BDE9-A97194686EFA} = {E6AC6130-133B-4F32-9A98-FECCBBB24312}
	EndGlobalSection
	GlobalSection(ExtensibilityGlobals) = postSolution
		SolutionGuid = {38529425-8CAC-4F04-8140-785BC1012B1C}
	EndGlobalSection
EndGlobal
